
Microsoft Visual Studio Solution File, Format Version 12.00
Project("{FAE04EC0-301F-11D3-BF4B-00C04F79EFBC}") = "ParticleSim", "ParticleSim\ParticleSim.csproj", "{CCA06B4D-31FC-48DC-8142-53578C27B1E5}"
EndProject
Global
	GlobalSection(SolutionConfigurationPlatforms) = preSolution
		Debug|Any CPU = Debug|Any CPU
		Release|Any CPU = Release|Any CPU
	EndGlobalSection
	GlobalSection(ProjectConfigurationPlatforms) = postSolution
		{CCA06B4D-31FC-48DC-8142-53578C27B1E5}.Debug|Any CPU.ActiveCfg = Debug|Any CPU
		{CCA06B4D-31FC-48DC-8142-53578C27B1E5}.Debug|Any CPU.Build.0 = Debug|Any CPU
		{CCA06B4D-31FC-48DC-8142-53578C27B1E5}.Release|Any CPU.ActiveCfg = Release|Any CPU
		{CCA06B4D-31FC-48DC-8142-53578C27B1E5}.Release|Any CPU.Build.0 = Release|Any CPU
	EndGlobalSection
EndGlobal
